<?xml version="1.0" encoding="utf-8"?>
<Project ToolsVersion="4.0" xmlns="http://schemas.microsoft.com/developer/msbuild/2003">
  <ItemGroup>
    <Filter Include="Source Files">
      <UniqueIdentifier>{4FC737F1-C7A5-4376-A066-2A32D752A2FF}</UniqueIdentifier>
      <Extensions>cpp;c;cc;cxx;def;odl;idl;hpj;bat;asm;asmx</Extensions>
    </Filter>
    <Filter Include="Header Files">
      <UniqueIdentifier>{93995380-89BD-4b04-88EB-625FBE52EBFB}</UniqueIdentifier>
      <Extensions>h;hh;hpp;hxx;hm;inl;inc;xsd</Extensions>
    </Filter>
    <Filter Include="Resource Files">
      <UniqueIdentifier>{67DA6AB6-F800-4c08-8B7A-83BB121AAD01}</UniqueIdentifier>
      <Extensions>rc;ico;cur;bmp;dlg;rc2;rct;bin;rgs;gif;jpg;jpeg;jpe;resx;tiff;tif;png;wav;mfcribbon-ms</Extensions>
    </Filter>
  </ItemGroup>
  <ItemGroup>
    <None Include="M5Stacks_SonicTheHedgehog-master.ino" />
  </ItemGroup>
  <ItemGroup>
    <ClInclude Include="gameLogo.h">
      <Filter>Header Files</Filter>
    </ClInclude>
    <ClInclude Include="GameSettings.h">
      <Filter>Header Files</Filter>
    </ClInclude>
    <ClInclude Include="include\content\collide\256_block_mappings\GHZ.h">
      <Filter>Header Files</Filter>
    </ClInclude>
    <ClInclude Include="include\content\collide\Angle Map.h">
      <Filter>Header Files</Filter>
    </ClInclude>
    <ClInclude Include="include\content\collide\Collision Array (Normal).h">
      <Filter>Header Files</Filter>
    </ClInclude>
    <ClInclude Include="include\content\collide\Collision Array (Rotated).h">
      <Filter>Header Files</Filter>
    </ClInclude>
    <ClInclude Include="include\content\collide\GHZ Blocks.h">
      <Filter>Header Files</Filter>
    </ClInclude>
    <ClInclude Include="include\content\levels\ghz1.h">
      <Filter>Header Files</Filter>
    </ClInclude>
    <ClInclude Include="include\content\levels\ghz2.h">
      <Filter>Header Files</Filter>
    </ClInclude>
    <ClInclude Include="include\content\levels\ghz3.h">
      <Filter>Header Files</Filter>
    </ClInclude>
    <ClInclude Include="include\content\textures\texGhzBlocks.h">
      <Filter>Header Files</Filter>
    </ClInclude>
    <ClInclude Include="include\content\textures\texGhzGim.h">
      <Filter>Header Files</Filter>
    </ClInclude>
    <ClInclude Include="include\content\textures\texObjects.h">
      <Filter>Header Files</Filter>
    </ClInclude>
    <ClInclude Include="include\entities\EnemiesGHZ.h">
      <Filter>Header Files</Filter>
    </ClInclude>
    <ClInclude Include="include\entities\Enemy.h">
      <Filter>Header Files</Filter>
    </ClInclude>
    <ClInclude Include="include\entities\GimmicksGHZ.h">
      <Filter>Header Files</Filter>
    </ClInclude>
    <ClInclude Include="include\entities\LayerSwitcher.h">
      <Filter>Header Files</Filter>
    </ClInclude>
    <ClInclude Include="include\entities\Ring.h">
      <Filter>Header Files</Filter>
    </ClInclude>
    <ClInclude Include="include\entities\Spring.h">
      <Filter>Header Files</Filter>
    </ClInclude>
    <ClInclude Include="include\structs\Block.h">
      <Filter>Header Files</Filter>
    </ClInclude>
    <ClInclude Include="include\structs\Frame.h">
      <Filter>Header Files</Filter>
    </ClInclude>
    <ClInclude Include="include\structs\Geometry.h">
      <Filter>Header Files</Filter>
    </ClInclude>
    <ClInclude Include="include\AnimMgr.h">
      <Filter>Header Files</Filter>
    </ClInclude>
    <ClInclude Include="include\Camera.h">
      <Filter>Header Files</Filter>
    </ClInclude>
    <ClInclude Include="include\Entity.h">
      <Filter>Header Files</Filter>
    </ClInclude>
    <ClInclude Include="include\GameMath.h">
      <Filter>Header Files</Filter>
    </ClInclude>
    <ClInclude Include="include\Keyboard.h">
      <Filter>Header Files</Filter>
    </ClInclude>
    <ClInclude Include="include\Level.h">
      <Filter>Header Files</Filter>
    </ClInclude>
    <ClInclude Include="include\Player.h">
      <Filter>Header Files</Filter>
    </ClInclude>
    <ClInclude Include="include\Screen.h">
      <Filter>Header Files</Filter>
    </ClInclude>
    <ClInclude Include="include\Settings.h">
      <Filter>Header Files</Filter>
    </ClInclude>
    <ClInclude Include="include\Sfx.h">
      <Filter>Header Files</Filter>
    </ClInclude>
    <ClInclude Include="include\Terrain.h">
      <Filter>Header Files</Filter>
    </ClInclude>
  </ItemGroup>
  <ItemGroup>
    <ClCompile Include="AnimMgr.cpp">
      <Filter>Source Files</Filter>
    </ClCompile>
    <ClCompile Include="Camera.cpp">
      <Filter>Source Files</Filter>
    </ClCompile>
    <ClCompile Include="EnemiesGHZ.cpp">
      <Filter>Source Files</Filter>
    </ClCompile>
    <ClCompile Include="Enemy.cpp">
      <Filter>Source Files</Filter>
    </ClCompile>
    <ClCompile Include="Entity.cpp">
      <Filter>Source Files</Filter>
    </ClCompile>
    <ClCompile Include="GameMath.cpp">
      <Filter>Source Files</Filter>
    </ClCompile>
    <ClCompile Include="GimmicksGHZ.cpp">
      <Filter>Source Files</Filter>
    </ClCompile>
    <ClCompile Include="Keyboard.cpp">
      <Filter>Source Files</Filter>
    </ClCompile>
    <ClCompile Include="LayerSwitcher.cpp">
      <Filter>Source Files</Filter>
    </ClCompile>
    <ClCompile Include="Level.cpp">
      <Filter>Source Files</Filter>
    </ClCompile>
    <ClCompile Include="Player.cpp">
      <Filter>Source Files</Filter>
    </ClCompile>
    <ClCompile Include="Ring.cpp">
      <Filter>Source Files</Filter>
    </ClCompile>
    <ClCompile Include="Screen.cpp">
      <Filter>Source Files</Filter>
    </ClCompile>
    <ClCompile Include="Sfx.cpp">
      <Filter>Source Files</Filter>
    </ClCompile>
    <ClCompile Include="Spring.cpp">
      <Filter>Source Files</Filter>
    </ClCompile>
    <ClCompile Include="Terrain.cpp">
      <Filter>Source Files</Filter>
    </ClCompile>
  </ItemGroup>
</Project>